
Microsoft Visual Studio Solution File, Format Version 12.00
# Visual Studio Version 17
VisualStudioVersion = 17.14.36511.14
MinimumVisualStudioVersion = 10.0.40219.1
Project("{2150E333-8FDC-42A3-9474-1A3956D46DE8}") = "Task0", "Task0", "{02EA681E-C7D8-13C7-8484-4AC65E1B71E8}"
EndProject
Project("{FAE04EC0-301F-11D3-BF4B-00C04F79EFBC}") = "Tyuiu.BatTI.Sprint1.Task0.V11", "Tyuiu.BatTI.Sprint1.Task0.V11\Tyuiu.BatTI.Sprint1.Task0.V11.csproj", "{E773605E-8329-41C8-986C-F40368FEB90E}"
EndProject
Project("{FAE04EC0-301F-11D3-BF4B-00C04F79EFBC}") = "Tyuiu.BatTI.Sprint1.Task0.V11.Test", "Tyuiu.BatTI.Sprint1.Task0.V11.Test\Tyuiu.BatTI.Sprint1.Task0.V11.Test.csproj", "{AB0AF39C-FD13-46EC-9ED4-EEED10107548}"
EndProject
Project("{FAE04EC0-301F-11D3-BF4B-00C04F79EFBC}") = "Tyuiu.BatTI.Sprint1.Task0.V11.Lib", "Tyuiu.BatTI.Sprint1.Task0.V11.Lib\Tyuiu.BatTI.Sprint1.Task0.V11.Lib.csproj", "{33017EDA-D91B-46E9-A968-5C6C1ECE8400}"
EndProject
Project("{2150E333-8FDC-42A3-9474-1A3956D46DE8}") = "Task1", "Task1", "{691D641C-2F43-4CAF-9697-D3AE0E0803F6}"
EndProject
Project("{FAE04EC0-301F-11D3-BF4B-00C04F79EFBC}") = "Tyuiu.BatTI.Sprint1.Task1.V21", "Tyuiu.BatTI.Sprint1.Task1.V21\Tyuiu.BatTI.Sprint1.Task1.V21.csproj", "{B4B4C2FA-82DA-4B1F-B1BE-97F2B26CCA17}"
EndProject
Project("{FAE04EC0-301F-11D3-BF4B-00C04F79EFBC}") = "Tyuiu.BatTI.Sprint1.Task1.V21.Lib", "Tyuiu.BatTI.Sprint1.Task1.V21.Lib\Tyuiu.BatTI.Sprint1.Task1.V21.Lib.csproj", "{1D403CD7-4B82-4FCE-8782-9DC47256DBA7}"
EndProject
Project("{FAE04EC0-301F-11D3-BF4B-00C04F79EFBC}") = "Tyuiu.BatTI.Sprint1.Task1.V21.Test", "Tyuiu.BatTI.Sprint1.Task1.V21.Test\Tyuiu.BatTI.Sprint1.Task1.V21.Test.csproj", "{59FF8FC8-D6DD-42FE-886B-24C52C358633}"
EndProject
Project("{2150E333-8FDC-42A3-9474-1A3956D46DE8}") = "Task2", "Task2", "{BB153D03-FFA1-4218-AF1D-D1E740EB208F}"
EndProject
Project("{FAE04EC0-301F-11D3-BF4B-00C04F79EFBC}") = "Tyuiu.BatTI.Sprint1.Task2.V8", "Tyuiu.BatTI.Sprint1.Task2.V8\Tyuiu.BatTI.Sprint1.Task2.V8.csproj", "{BFBE65C7-78EA-4558-9AF0-6AE777A416EB}"
EndProject
Project("{FAE04EC0-301F-11D3-BF4B-00C04F79EFBC}") = "Tyuiu.BatTI.Sprint1.Task2.V8.Lib", "Tyuiu.BatTI.Sprint1.Task2.V8.Lib\Tyuiu.BatTI.Sprint1.Task2.V8.Lib.csproj", "{1BAD5731-48DC-44C2-B3D4-B39B128C45EC}"
EndProject
Project("{FAE04EC0-301F-11D3-BF4B-00C04F79EFBC}") = "Tyuiu.BatTI.Sprint1.Task2.V8.Test", "Tyuiu.BatTI.Sprint1.Task2.V8.Test\Tyuiu.BatTI.Sprint1.Task2.V8.Test.csproj", "{A125F543-91EC-4AE8-A2C5-19789BB18007}"
EndProject
Global
	GlobalSection(SolutionConfigurationPlatforms) = preSolution
		Debug|Any CPU = Debug|Any CPU
		Release|Any CPU = Release|Any CPU
	EndGlobalSection
	GlobalSection(ProjectConfigurationPlatforms) = postSolution
		{E773605E-8329-41C8-986C-F40368FEB90E}.Debug|Any CPU.ActiveCfg = Debug|Any CPU
		{E773605E-8329-41C8-986C-F40368FEB90E}.Debug|Any CPU.Build.0 = Debug|Any CPU
		{E773605E-8329-41C8-986C-F40368FEB90E}.Release|Any CPU.ActiveCfg = Release|Any CPU
		{E773605E-8329-41C8-986C-F40368FEB90E}.Release|Any CPU.Build.0 = Release|Any CPU
		{AB0AF39C-FD13-46EC-9ED4-EEED10107548}.Debug|Any CPU.ActiveCfg = Debug|Any CPU
		{AB0AF39C-FD13-46EC-9ED4-EEED10107548}.Debug|Any CPU.Build.0 = Debug|Any CPU
		{AB0AF39C-FD13-46EC-9ED4-EEED10107548}.Release|Any CPU.ActiveCfg = Release|Any CPU
		{AB0AF39C-FD13-46EC-9ED4-EEED10107548}.Release|Any CPU.Build.0 = Release|Any CPU
		{33017EDA-D91B-46E9-A968-5C6C1ECE8400}.Debug|Any CPU.ActiveCfg = Debug|Any CPU
		{33017EDA-D91B-46E9-A968-5C6C1ECE8400}.Debug|Any CPU.Build.0 = Debug|Any CPU
		{33017EDA-D91B-46E9-A968-5C6C1ECE8400}.Release|Any CPU.ActiveCfg = Release|Any CPU
		{33017EDA-D91B-46E9-A968-5C6C1ECE8400}.Release|Any CPU.Build.0 = Release|Any CPU
		{B4B4C2FA-82DA-4B1F-B1BE-97F2B26CCA17}.Debug|Any CPU.ActiveCfg = Debug|Any CPU
		{B4B4C2FA-82DA-4B1F-B1BE-97F2B26CCA17}.Debug|Any CPU.Build.0 = Debug|Any CPU
		{B4B4C2FA-82DA-4B1F-B1BE-97F2B26CCA17}.Release|Any CPU.ActiveCfg = Release|Any CPU
		{B4B4C2FA-82DA-4B1F-B1BE-97F2B26CCA17}.Release|Any CPU.Build.0 = Release|Any CPU
		{1D403CD7-4B82-4FCE-8782-9DC47256DBA7}.Debug|Any CPU.ActiveCfg = Debug|Any CPU
		{1D403CD7-4B82-4FCE-8782-9DC47256DBA7}.Debug|Any CPU.Build.0 = Debug|Any CPU
		{1D403CD7-4B82-4FCE-8782-9DC47256DBA7}.Release|Any CPU.ActiveCfg = Release|Any CPU
		{1D403CD7-4B82-4FCE-8782-9DC47256DBA7}.Release|Any CPU.Build.0 = Release|Any CPU
		{59FF8FC8-D6DD-42FE-886B-24C52C358633}.Debug|Any CPU.ActiveCfg = Debug|Any CPU
		{59FF8FC8-D6DD-42FE-886B-24C52C358633}.Debug|Any CPU.Build.0 = Debug|Any CPU
		{59FF8FC8-D6DD-42FE-886B-24C52C358633}.Release|Any CPU.ActiveCfg = Release|Any CPU
		{59FF8FC8-D6DD-42FE-886B-24C52C358633}.Release|Any CPU.Build.0 = Release|Any CPU
		{BFBE65C7-78EA-4558-9AF0-6AE777A416EB}.Debug|Any CPU.ActiveCfg = Debug|Any CPU
		{BFBE65C7-78EA-4558-9AF0-6AE777A416EB}.Debug|Any CPU.Build.0 = Debug|Any CPU
		{BFBE65C7-78EA-4558-9AF0-6AE777A416EB}.Release|Any CPU.ActiveCfg = Release|Any CPU
		{BFBE65C7-78EA-4558-9AF0-6AE777A416EB}.Release|Any CPU.Build.0 = Release|Any CPU
		{1BAD5731-48DC-44C2-B3D4-B39B128C45EC}.Debug|Any CPU.ActiveCfg = Debug|Any CPU
		{1BAD5731-48DC-44C2-B3D4-B39B128C45EC}.Debug|Any CPU.Build.0 = Debug|Any CPU
		{1BAD5731-48DC-44C2-B3D4-B39B128C45EC}.Release|Any CPU.ActiveCfg = Release|Any CPU
		{1BAD5731-48DC-44C2-B3D4-B39B128C45EC}.Release|Any CPU.Build.0 = Release|Any CPU
		{A125F543-91EC-4AE8-A2C5-19789BB18007}.Debug|Any CPU.ActiveCfg = Debug|Any CPU
		{A125F543-91EC-4AE8-A2C5-19789BB18007}.Debug|Any CPU.Build.0 = Debug|Any CPU
		{A125F543-91EC-4AE8-A2C5-19789BB18007}.Release|Any CPU.ActiveCfg = Release|Any CPU
		{A125F543-91EC-4AE8-A2C5-19789BB18007}.Release|Any CPU.Build.0 = Release|Any CPU
	EndGlobalSection
	GlobalSection(SolutionProperties) = preSolution
		HideSolutionNode = FALSE
	EndGlobalSection
	GlobalSection(NestedProjects) = preSolution
		{E773605E-8329-41C8-986C-F40368FEB90E} = {02EA681E-C7D8-13C7-8484-4AC65E1B71E8}
		{AB0AF39C-FD13-46EC-9ED4-EEED10107548} = {02EA681E-C7D8-13C7-8484-4AC65E1B71E8}
		{33017EDA-D91B-46E9-A968-5C6C1ECE8400} = {02EA681E-C7D8-13C7-8484-4AC65E1B71E8}
		{B4B4C2FA-82DA-4B1F-B1BE-97F2B26CCA17} = {691D641C-2F43-4CAF-9697-D3AE0E0803F6}
		{1D403CD7-4B82-4FCE-8782-9DC47256DBA7} = {691D641C-2F43-4CAF-9697-D3AE0E0803F6}
		{59FF8FC8-D6DD-42FE-886B-24C52C358633} = {691D641C-2F43-4CAF-9697-D3AE0E0803F6}
		{BFBE65C7-78EA-4558-9AF0-6AE777A416EB} = {BB153D03-FFA1-4218-AF1D-D1E740EB208F}
		{1BAD5731-48DC-44C2-B3D4-B39B128C45EC} = {BB153D03-FFA1-4218-AF1D-D1E740EB208F}
		{A125F543-91EC-4AE8-A2C5-19789BB18007} = {BB153D03-FFA1-4218-AF1D-D1E740EB208F}
	EndGlobalSection
	GlobalSection(ExtensibilityGlobals) = postSolution
		SolutionGuid = {29A60E91-B4D8-4379-B9F3-BF1BE84DBEFB}
	EndGlobalSection
EndGlobal
